schema: '2.0'
stages:
  load_data:
    cmd: python src/load_data.py --config=params.yaml
    deps:
    - path: data_given/winequality.csv
      md5: 6a883fd98624e18c0b7ce251f4fab4fb
      size: 100951
    - path: src/get_data.py
      md5: da928ddf503bb7a069b39959fe7f6670
      size: 687
    - path: src/load_data.py
      md5: c5b5d0a117c29f3dc1c512d1f4064a23
      size: 556
    outs:
    - path: data/raw/winequality.csv
      md5: fb3717741cf304b0aa657c85e7e1bb41
      size: 95022
  split_data:
    cmd: python src/split_data.py --config=params.yaml
    deps:
    - path: data/raw/winequality.csv
      md5: fb3717741cf304b0aa657c85e7e1bb41
      size: 95022
    - path: src/get_data.py
      md5: da928ddf503bb7a069b39959fe7f6670
      size: 687
    - path: src/split_data.py
      md5: 49ac2de68cab8ad35839444a5ab316ca
      size: 951
    outs:
    - path: data/processed/test_winequality.csv
      md5: 79ca1b057081415d6c8de2df475cb16e
      size: 20475
    - path: data/processed/train_winequality.csv
      md5: dc4107bb49e4f054ed3cdee363266b9d
      size: 80622
  train_eval:
    cmd: python src/train_and_evaluation.py --config=params.yaml
    deps:
    - path: data/processed/test_winequality.csv
      md5: 79ca1b057081415d6c8de2df475cb16e
      size: 20475
    - path: data/processed/train_winequality.csv
      md5: dc4107bb49e4f054ed3cdee363266b9d
      size: 80622
    - path: src/train_and_evaluation.py
      md5: 5cdcd2d7db077939ee06b4133645670a
      size: 2605
    params:
      params.yaml:
        estimators.ElasticNet.params.alpha: 0.9
        estimators.ElasticNet.params.l1_ratio: 0.4
    outs:
    - path: reports/params.json
      md5: a4aab0167612f21a6085dd05cfafdbf6
      size: 41
    - path: reports/scores.json
      md5: b85ea0e6e554a5fd6790e4860e184861
      size: 94
    - path: saved_models/model.joblib
      md5: 520e52020ad3aa7f612debb266d87fbb
      size: 818
